
Microsoft Visual Studio Solution File, Format Version 12.00
# Visual Studio Version 16
VisualStudioVersion = 16.0.29418.71
MinimumVisualStudioVersion = 10.0.40219.1
Project("{9A19103F-16F7-4668-BE54-9A1E7A4F7556}") = "StudentExercisesPt6", "StudentExercisesPt6\StudentExercisesPt6.csproj", "{4411D390-48A2-47BD-A29B-6346CCA7B7A9}"
EndProject
Project("{FAE04EC0-301F-11D3-BF4B-00C04F79EFBC}") = "TestStudentExercisesAPI", "TestStudentExercisesAPI\TestStudentExercisesAPI.csproj", "{FE78DA24-8F48-40E1-9B35-E77B01916AF0}"
EndProject
Global
	GlobalSection(SolutionConfigurationPlatforms) = preSolution
		Debug|Any CPU = Debug|Any CPU
		Release|Any CPU = Release|Any CPU
	EndGlobalSection
	GlobalSection(ProjectConfigurationPlatforms) = postSolution
		{4411D390-48A2-47BD-A29B-6346CCA7B7A9}.Debug|Any CPU.ActiveCfg = Debug|Any CPU
		{4411D390-48A2-47BD-A29B-6346CCA7B7A9}.Debug|Any CPU.Build.0 = Debug|Any CPU
		{4411D390-48A2-47BD-A29B-6346CCA7B7A9}.Release|Any CPU.ActiveCfg = Release|Any CPU
		{4411D390-48A2-47BD-A29B-6346CCA7B7A9}.Release|Any CPU.Build.0 = Release|Any CPU
		{FE78DA24-8F48-40E1-9B35-E77B01916AF0}.Debug|Any CPU.ActiveCfg = Debug|Any CPU
		{FE78DA24-8F48-40E1-9B35-E77B01916AF0}.Debug|Any CPU.Build.0 = Debug|Any CPU
		{FE78DA24-8F48-40E1-9B35-E77B01916AF0}.Release|Any CPU.ActiveCfg = Release|Any CPU
		{FE78DA24-8F48-40E1-9B35-E77B01916AF0}.Release|Any CPU.Build.0 = Release|Any CPU
	EndGlobalSection
	GlobalSection(SolutionProperties) = preSolution
		HideSolutionNode = FALSE
	EndGlobalSection
	GlobalSection(ExtensibilityGlobals) = postSolution
		SolutionGuid = {A8E3A2C9-4B86-47DA-A9B9-211B1B4EB4A1}
	EndGlobalSection
EndGlobal
